
Microsoft Visual Studio Solution File, Format Version 12.00
# Visual Studio 15
VisualStudioVersion = 15.0.27703.2047
MinimumVisualStudioVersion = 10.0.40219.1
Project("{8BC9CEB8-8B4A-11D0-8D11-00A0C91BC942}") = "WinSocketClient", "WinSocketClient\WinSocketClient.vcxproj", "{DCA9C3B6-F844-48D4-9F08-B9D888FDA54F}"
EndProject
Global
	GlobalSection(SolutionConfigurationPlatforms) = preSolution
		Debug|x64 = Debug|x64
		Debug|x86 = Debug|x86
		Release|x64 = Release|x64
		Release|x86 = Release|x86
	EndGlobalSection
	GlobalSection(ProjectConfigurationPlatforms) = postSolution
		{DCA9C3B6-F844-48D4-9F08-B9D888FDA54F}.Debug|x64.ActiveCfg = Debug|x64
		{DCA9C3B6-F844-48D4-9F08-B9D888FDA54F}.Debug|x64.Build.0 = Debug|x64
		{DCA9C3B6-F844-48D4-9F08-B9D888FDA54F}.Debug|x86.ActiveCfg = Debug|Win32
		{DCA9C3B6-F844-48D4-9F08-B9D888FDA54F}.Debug|x86.Build.0 = Debug|Win32
		{DCA9C3B6-F844-48D4-9F08-B9D888FDA54F}.Release|x64.ActiveCfg = Release|x64
		{DCA9C3B6-F844-48D4-9F08-B9D888FDA54F}.Release|x64.Build.0 = Release|x64
		{DCA9C3B6-F844-48D4-9F08-B9D888FDA54F}.Release|x86.ActiveCfg = Release|Win32
		{DCA9C3B6-F844-48D4-9F08-B9D888FDA54F}.Release|x86.Build.0 = Release|Win32
	EndGlobalSection
	GlobalSection(SolutionProperties) = preSolution
		HideSolutionNode = FALSE
	EndGlobalSection
	GlobalSection(ExtensibilityGlobals) = postSolution
		SolutionGuid = {CA763B0D-3A1E-4382-929B-17E96ECC5DC4}
	EndGlobalSection
EndGlobal
